
Microsoft Visual Studio Solution File, Format Version 12.00
# Visual Studio Version 16
VisualStudioVersion = 16.0.29709.97
MinimumVisualStudioVersion = 10.0.40219.1
Project("{FAE04EC0-301F-11D3-BF4B-00C04F79EFBC}") = "CityInfoAPI", "CityInfoAPI\CityInfoAPI.csproj", "{155F98A0-9D89-4A65-AB81-490092EE64B2}"
EndProject
Global
	GlobalSection(SolutionConfigurationPlatforms) = preSolution
		Debug|Any CPU = Debug|Any CPU
		Release|Any CPU = Release|Any CPU
	EndGlobalSection
	GlobalSection(ProjectConfigurationPlatforms) = postSolution
		{155F98A0-9D89-4A65-AB81-490092EE64B2}.Debug|Any CPU.ActiveCfg = Debug|Any CPU
		{155F98A0-9D89-4A65-AB81-490092EE64B2}.Debug|Any CPU.Build.0 = Debug|Any CPU
		{155F98A0-9D89-4A65-AB81-490092EE64B2}.Release|Any CPU.ActiveCfg = Release|Any CPU
		{155F98A0-9D89-4A65-AB81-490092EE64B2}.Release|Any CPU.Build.0 = Release|Any CPU
	EndGlobalSection
	GlobalSection(SolutionProperties) = preSolution
		HideSolutionNode = FALSE
	EndGlobalSection
	GlobalSection(ExtensibilityGlobals) = postSolution
		SolutionGuid = {E98568B5-3258-4214-838D-FB388A4C1258}
	EndGlobalSection
EndGlobal
